# THIS IS AN AUTOGENERATED FILE. DO NOT EDIT THIS FILE DIRECTLY.
# yarn lockfile v1


"@types/prompt-sync@^4.2.0":
  version "4.2.0"
  resolved "https://registry.yarnpkg.com/@types/prompt-sync/-/prompt-sync-4.2.0.tgz#e0bcf80211e9a2edb52891926a0700b2bffe08cb"
  integrity sha512-5RPQYDT7MNkt+vq6xp58tSPx4THANyQcBSaw3Ni+KV7MUAgvUUbmCsQmcPVrcc8dwuURSPixz2qTJdJF6ABSKw==

"@types/uuid@8.3.4":
  version "8.3.4"
  resolved "https://registry.yarnpkg.com/@types/uuid/-/uuid-8.3.4.tgz#bd86a43617df0594787d38b735f55c805becf1bc"
  integrity sha512-c/I8ZRb51j+pYGAu5CrFMRxqZ2ke4y2grEBO5AUjgSkSk+qT2Ea+OdWElz/OiMf5MNpn2b17kuVBwZLQJXzihw==

ansi-regex@^4.1.0:
  version "4.1.1"
  resolved "https://registry.yarnpkg.com/ansi-regex/-/ansi-regex-4.1.1.tgz#164daac87ab2d6f6db3a29875e2d1766582dabed"
  integrity sha512-ILlv4k/3f6vfQ4OoP2AGvirOktlQ98ZEL1k9FaQjxa3L1abBgbuTDAdPOpvbGncC0BTVQrl+OM8xZGK6tWXt7g==

prettier@^2.8.1:
  version "2.8.1"
  resolved "https://registry.yarnpkg.com/prettier/-/prettier-2.8.1.tgz#4e1fd11c34e2421bc1da9aea9bd8127cd0a35efc"
  integrity sha512-lqGoSJBQNJidqCHE80vqZJHWHRFoNYsSpP9AjFhlhi9ODCJA541svILes/+/1GM3VaL/abZi7cpFzOpdR9UPKg==

prompt-sync@^4.2.0:
  version "4.2.0"
  resolved "https://registry.yarnpkg.com/prompt-sync/-/prompt-sync-4.2.0.tgz#0198f73c5b70e3b03e4b9033a50540a7c9a1d7f4"
  integrity sha512-BuEzzc5zptP5LsgV5MZETjDaKSWfchl5U9Luiu8SKp7iZWD5tZalOxvNcZRwv+d2phNFr8xlbxmFNcRKfJOzJw==
  dependencies:
    strip-ansi "^5.0.0"

strip-ansi@^5.0.0:
  version "5.2.0"
  resolved "https://registry.yarnpkg.com/strip-ansi/-/strip-ansi-5.2.0.tgz#8c9a536feb6afc962bdfa5b104a5091c1ad9c0ae"
  integrity sha512-DuRs1gKbBqsMKIZlrffwlug8MHkcnpjs5VPmL1PAh+mA30U0DTotfDZ0d2UUsXpPmPmMMJ6W773MaA3J+lbiWA==
  dependencies:
    ansi-regex "^4.1.0"

uuid@8.3.2:
  version "8.3.2"
  resolved "https://registry.yarnpkg.com/uuid/-/uuid-8.3.2.tgz#80d5b5ced271bb9af6c445f21a1a04c606cefbe2"
  integrity sha512-+NYs2QeMWy+GWFOEm9xnn6HCDp0l7QBD7ml8zLUmJ+93Q5NF0NocErnwkTkXVFNiX3/fpC6afS8Dhb/gz7R7eg==

uuidv4@^6.2.13:
  version "6.2.13"
  resolved "https://registry.yarnpkg.com/uuidv4/-/uuidv4-6.2.13.tgz#8f95ec5ef22d1f92c8e5d4c70b735d1c89572cb7"
  integrity sha512-AXyzMjazYB3ovL3q051VLH06Ixj//Knx7QnUSi1T//Ie3io6CpsPu9nVMOx5MoLWh6xV0B9J0hIaxungxXUbPQ==
  dependencies:
    "@types/uuid" "8.3.4"
    uuid "8.3.2"
